PODS:
  - CHTCollectionViewWaterfallLayout (0.9.10):
    - CHTCollectionViewWaterfallLayout/Swift (= 0.9.10)
  - CHTCollectionViewWaterfallLayout/Swift (0.9.10)
  - SDWebImage (5.12.5):
    - SDWebImage/Core (= 5.12.5)
  - SDWebImage/Core (5.12.5)

DEPENDENCIES:
  - CHTCollectionViewWaterfallLayout
  - SDWebImage (~> 5.0)

SPEC REPOS:
  trunk:
    - CHTCollectionViewWaterfallLayout
    - SDWebImage

SPEC CHECKSUMS:
  CHTCollectionViewWaterfallLayout: b989a459788d7657ac010e03bc0f7eedca95a420
  SDWebImage: 0905f1b7760fc8ac4198cae0036600d67478751e

PODFILE CHECKSUM: c08b3da77432db89d4819ec588beb0cfb02b5377

COCOAPODS: 1.11.3
